
Microsoft Visual Studio Solution File, Format Version 12.00
# Visual Studio 15
VisualStudioVersion = 15.0.28307.421
MinimumVisualStudioVersion = 10.0.40219.1
Project("{FAE04EC0-301F-11D3-BF4B-00C04F79EFBC}") = "ChangeMTU", "ChangeMTU\ChangeMTU.csproj", "{7A87902A-92E0-4D58-B00A-C345BBB08F47}"
EndProject
Global
	GlobalSection(SolutionConfigurationPlatforms) = preSolution
		Debug|Any CPU = Debug|Any CPU
		Release|Any CPU = Release|Any CPU
	EndGlobalSection
	GlobalSection(ProjectConfigurationPlatforms) = postSolution
		{7A87902A-92E0-4D58-B00A-C345BBB08F47}.Debug|Any CPU.ActiveCfg = Debug|Any CPU
		{7A87902A-92E0-4D58-B00A-C345BBB08F47}.Debug|Any CPU.Build.0 = Debug|Any CPU
		{7A87902A-92E0-4D58-B00A-C345BBB08F47}.Release|Any CPU.ActiveCfg = Release|Any CPU
		{7A87902A-92E0-4D58-B00A-C345BBB08F47}.Release|Any CPU.Build.0 = Release|Any CPU
	EndGlobalSection
	GlobalSection(SolutionProperties) = preSolution
		HideSolutionNode = FALSE
	EndGlobalSection
	GlobalSection(ExtensibilityGlobals) = postSolution
		SolutionGuid = {CFEB29A2-AC9A-4F43-8239-C89162CE4A39}
	EndGlobalSection
EndGlobal
